
Microsoft Visual Studio Solution File, Format Version 12.00
# Visual Studio Version 17
VisualStudioVersion = 17.10.35027.167
MinimumVisualStudioVersion = 10.0.40219.1
Project("{9A19103F-16F7-4668-BE54-9A1E7A4F7556}") = "PbDori", "PbDori\PbDori.csproj", "{F02CCCB4-0298-4524-BB72-CD4C8EBCCA61}"
EndProject
Project("{E53339B2-1760-4266-BCC7-CA923CBCF16C}") = "docker-compose", "docker-compose.dcproj", "{60A2364F-C59A-487A-BFDF-92E00AB1085C}"
EndProject
Global
	GlobalSection(SolutionConfigurationPlatforms) = preSolution
		Debug|Any CPU = Debug|Any CPU
		Release|Any CPU = Release|Any CPU
	EndGlobalSection
	GlobalSection(ProjectConfigurationPlatforms) = postSolution
		{F02CCCB4-0298-4524-BB72-CD4C8EBCCA61}.Debug|Any CPU.ActiveCfg = Debug|Any CPU
		{F02CCCB4-0298-4524-BB72-CD4C8EBCCA61}.Debug|Any CPU.Build.0 = Debug|Any CPU
		{F02CCCB4-0298-4524-BB72-CD4C8EBCCA61}.Release|Any CPU.ActiveCfg = Release|Any CPU
		{F02CCCB4-0298-4524-BB72-CD4C8EBCCA61}.Release|Any CPU.Build.0 = Release|Any CPU
		{60A2364F-C59A-487A-BFDF-92E00AB1085C}.Debug|Any CPU.ActiveCfg = Debug|Any CPU
		{60A2364F-C59A-487A-BFDF-92E00AB1085C}.Debug|Any CPU.Build.0 = Debug|Any CPU
		{60A2364F-C59A-487A-BFDF-92E00AB1085C}.Release|Any CPU.ActiveCfg = Release|Any CPU
		{60A2364F-C59A-487A-BFDF-92E00AB1085C}.Release|Any CPU.Build.0 = Release|Any CPU
	EndGlobalSection
	GlobalSection(SolutionProperties) = preSolution
		HideSolutionNode = FALSE
	EndGlobalSection
	GlobalSection(ExtensibilityGlobals) = postSolution
		SolutionGuid = {3970B325-BDB5-405A-B70B-F7F0C130E4BE}
	EndGlobalSection
EndGlobal
